
Microsoft Visual Studio Solution File, Format Version 12.00
# Visual Studio 14
VisualStudioVersion = 14.0.25123.0
MinimumVisualStudioVersion = 10.0.40219.1
Project("{FAE04EC0-301F-11D3-BF4B-00C04F79EFBC}") = "App3.Droid", "App3\App3.Droid\App3.Droid.csproj", "{840466CF-2496-4ED3-A5EC-6EB00EC8610B}"
EndProject
Project("{FAE04EC0-301F-11D3-BF4B-00C04F79EFBC}") = "App3.iOS", "App3\App3.iOS\App3.iOS.csproj", "{462E805D-0ED5-424A-B267-D1B0596143A8}"
EndProject
Project("{FAE04EC0-301F-11D3-BF4B-00C04F79EFBC}") = "App3.WinPhone", "App3\App3.WinPhone\App3.WinPhone.csproj", "{081C3ABF-26F1-4555-BA54-3441A3047CD3}"
EndProject
Project("{FAE04EC0-301F-11D3-BF4B-00C04F79EFBC}") = "App3.UWP", "App3\App3.UWP\App3.UWP.csproj", "{B5C5CD31-DE8A-46BB-8066-FEF40ACE3C47}"
EndProject
Project("{FAE04EC0-301F-11D3-BF4B-00C04F79EFBC}") = "App3.Windows", "App3\App3.Windows\App3.Windows.csproj", "{4F5A3C4E-0D61-479F-B05E-5C4E0463B337}"
EndProject
Project("{FAE04EC0-301F-11D3-BF4B-00C04F79EFBC}") = "App3", "App3\App3\App3.csproj", "{6CE8D218-29C7-4ADC-948B-DEFD267CF527}"
EndProject
Global
	GlobalSection(SolutionConfigurationPlatforms) = preSolution
		Ad-Hoc|Any CPU = Ad-Hoc|Any CPU
		Ad-Hoc|ARM = Ad-Hoc|ARM
		Ad-Hoc|iPhone = Ad-Hoc|iPhone
		Ad-Hoc|iPhoneSimulator = Ad-Hoc|iPhoneSimulator
		Ad-Hoc|x64 = Ad-Hoc|x64
		Ad-Hoc|x86 = Ad-Hoc|x86
		AppStore|Any CPU = AppStore|Any CPU
		AppStore|ARM = AppStore|ARM
		AppStore|iPhone = AppStore|iPhone
		AppStore|iPhoneSimulator = AppStore|iPhoneSimulator
		AppStore|x64 = AppStore|x64
		AppStore|x86 = AppStore|x86
		Debug|Any CPU = Debug|Any CPU
		Debug|ARM = Debug|ARM
		Debug|iPhone = Debug|iPhone
		Debug|iPhoneSimulator = Debug|iPhoneSimulator
		Debug|x64 = Debug|x64
		Debug|x86 = Debug|x86
		Release|Any CPU = Release|Any CPU
		Release|ARM = Release|ARM
		Release|iPhone = Release|iPhone
		Release|iPhoneSimulator = Release|iPhoneSimulator
		Release|x64 = Release|x64
		Release|x86 = Release|x86
	EndGlobalSection
	GlobalSection(ProjectConfigurationPlatforms) = postSolution
		{840466CF-2496-4ED3-A5EC-6EB00EC8610B}.Ad-Hoc|Any CPU.ActiveCfg = Release|Any CPU
		{840466CF-2496-4ED3-A5EC-6EB00EC8610B}.Ad-Hoc|Any CPU.Build.0 = Release|Any CPU
		{840466CF-2496-4ED3-A5EC-6EB00EC8610B}.Ad-Hoc|Any CPU.Deploy.0 = Release|Any CPU
		{840466CF-2496-4ED3-A5EC-6EB00EC8610B}.Ad-Hoc|ARM.ActiveCfg = Release|Any CPU
		{840466CF-2496-4ED3-A5EC-6EB00EC8610B}.Ad-Hoc|ARM.Build.0 = Release|Any CPU
		{840466CF-2496-4ED3-A5EC-6EB00EC8610B}.Ad-Hoc|ARM.Deploy.0 = Release|Any CPU
		{840466CF-2496-4ED3-A5EC-6EB00EC8610B}.Ad-Hoc|iPhone.ActiveCfg = Release|Any CPU
		{840466CF-2496-4ED3-A5EC-6EB00EC8610B}.Ad-Hoc|iPhone.Build.0 = Release|Any CPU
		{840466CF-2496-4ED3-A5EC-6EB00EC8610B}.Ad-Hoc|iPhone.Deploy.0 = Release|Any CPU
		{840466CF-2496-4ED3-A5EC-6EB00EC8610B}.Ad-Hoc|iPhoneSimulator.ActiveCfg = Release|Any CPU
		{840466CF-2496-4ED3-A5EC-6EB00EC8610B}.Ad-Hoc|iPhoneSimulator.Build.0 = Release|Any CPU
		{840466CF-2496-4ED3-A5EC-6EB00EC8610B}.Ad-Hoc|iPhoneSimulator.Deploy.0 = Release|Any CPU
		{840466CF-2496-4ED3-A5EC-6EB00EC8610B}.Ad-Hoc|x64.ActiveCfg = Release|Any CPU
		{840466CF-2496-4ED3-A5EC-6EB00EC8610B}.Ad-Hoc|x64.Build.0 = Release|Any CPU
		{840466CF-2496-4ED3-A5EC-6EB00EC8610B}.Ad-Hoc|x64.Deploy.0 = Release|Any CPU
		{840466CF-2496-4ED3-A5EC-6EB00EC8610B}.Ad-Hoc|x86.ActiveCfg = Release|Any CPU
		{840466CF-2496-4ED3-A5EC-6EB00EC8610B}.Ad-Hoc|x86.Build.0 = Release|Any CPU
		{840466CF-2496-4ED3-A5EC-6EB00EC8610B}.Ad-Hoc|x86.Deploy.0 = Release|Any CPU
		{840466CF-2496-4ED3-A5EC-6EB00EC8610B}.AppStore|Any CPU.ActiveCfg = Release|Any CPU
		{840466CF-2496-4ED3-A5EC-6EB00EC8610B}.AppStore|Any CPU.Build.0 = Release|Any CPU
		{840466CF-2496-4ED3-A5EC-6EB00EC8610B}.AppStore|Any CPU.Deploy.0 = Release|Any CPU
		{840466CF-2496-4ED3-A5EC-6EB00EC8610B}.AppStore|ARM.ActiveCfg = Release|Any CPU
		{840466CF-2496-4ED3-A5EC-6EB00EC8610B}.AppStore|ARM.Build.0 = Release|Any CPU
		{840466CF-2496-4ED3-A5EC-6EB00EC8610B}.AppStore|ARM.Deploy.0 = Release|Any CPU
		{840466CF-2496-4ED3-A5EC-6EB00EC8610B}.AppStore|iPhone.ActiveCfg = Release|Any CPU
		{840466CF-2496-4ED3-A5EC-6EB00EC8610B}.AppStore|iPhone.Build.0 = Release|Any CPU
		{840466CF-2496-4ED3-A5EC-6EB00EC8610B}.AppStore|iPhone.Deploy.0 = Release|Any CPU
		{840466CF-2496-4ED3-A5EC-6EB00EC8610B}.AppStore|iPhoneSimulator.ActiveCfg = Release|Any CPU
		{840466CF-2496-4ED3-A5EC-6EB00EC8610B}.AppStore|iPhoneSimulator.Build.0 = Release|Any CPU
		{840466CF-2496-4ED3-A5EC-6EB00EC8610B}.AppStore|iPhoneSimulator.Deploy.0 = Release|Any CPU
		{840466CF-2496-4ED3-A5EC-6EB00EC8610B}.AppStore|x64.ActiveCfg = Release|Any CPU
		{840466CF-2496-4ED3-A5EC-6EB00EC8610B}.AppStore|x64.Build.0 = Release|Any CPU
		{840466CF-2496-4ED3-A5EC-6EB00EC8610B}.AppStore|x64.Deploy.0 = Release|Any CPU
		{840466CF-2496-4ED3-A5EC-6EB00EC8610B}.AppStore|x86.ActiveCfg = Release|Any CPU
		{840466CF-2496-4ED3-A5EC-6EB00EC8610B}.AppStore|x86.Build.0 = Release|Any CPU
		{840466CF-2496-4ED3-A5EC-6EB00EC8610B}.AppStore|x86.Deploy.0 = Release|Any CPU
		{840466CF-2496-4ED3-A5EC-6EB00EC8610B}.Debug|Any CPU.ActiveCfg = Debug|Any CPU
		{840466CF-2496-4ED3-A5EC-6EB00EC8610B}.Debug|Any CPU.Build.0 = Debug|Any CPU
		{840466CF-2496-4ED3-A5EC-6EB00EC8610B}.Debug|Any CPU.Deploy.0 = Debug|Any CPU
		{840466CF-2496-4ED3-A5EC-6EB00EC8610B}.Debug|ARM.ActiveCfg = Debug|Any CPU
		{840466CF-2496-4ED3-A5EC-6EB00EC8610B}.Debug|ARM.Build.0 = Debug|Any CPU
		{840466CF-2496-4ED3-A5EC-6EB00EC8610B}.Debug|ARM.Deploy.0 = Debug|Any CPU
		{840466CF-2496-4ED3-A5EC-6EB00EC8610B}.Debug|iPhone.ActiveCfg = Debug|Any CPU
		{840466CF-2496-4ED3-A5EC-6EB00EC8610B}.Debug|iPhone.Build.0 = Debug|Any CPU
		{840466CF-2496-4ED3-A5EC-6EB00EC8610B}.Debug|iPhone.Deploy.0 = Debug|Any CPU
		{840466CF-2496-4ED3-A5EC-6EB00EC8610B}.Debug|iPhoneSimulator.ActiveCfg = Debug|Any CPU
		{840466CF-2496-4ED3-A5EC-6EB00EC8610B}.Debug|iPhoneSimulator.Build.0 = Debug|Any CPU
		{840466CF-2496-4ED3-A5EC-6EB00EC8610B}.Debug|iPhoneSimulator.Deploy.0 = Debug|Any CPU
		{840466CF-2496-4ED3-A5EC-6EB00EC8610B}.Debug|x64.ActiveCfg = Debug|Any CPU
		{840466CF-2496-4ED3-A5EC-6EB00EC8610B}.Debug|x64.Build.0 = Debug|Any CPU
		{840466CF-2496-4ED3-A5EC-6EB00EC8610B}.Debug|x64.Deploy.0 = Debug|Any CPU
		{840466CF-2496-4ED3-A5EC-6EB00EC8610B}.Debug|x86.ActiveCfg = Debug|Any CPU
		{840466CF-2496-4ED3-A5EC-6EB00EC8610B}.Debug|x86.Build.0 = Debug|Any CPU
		{840466CF-2496-4ED3-A5EC-6EB00EC8610B}.Debug|x86.Deploy.0 = Debug|Any CPU
		{840466CF-2496-4ED3-A5EC-6EB00EC8610B}.Release|Any CPU.ActiveCfg = Release|Any CPU
		{840466CF-2496-4ED3-A5EC-6EB00EC8610B}.Release|Any CPU.Build.0 = Release|Any CPU
		{840466CF-2496-4ED3-A5EC-6EB00EC8610B}.Release|Any CPU.Deploy.0 = Release|Any CPU
		{840466CF-2496-4ED3-A5EC-6EB00EC8610B}.Release|ARM.ActiveCfg = Release|Any CPU
		{840466CF-2496-4ED3-A5EC-6EB00EC8610B}.Release|ARM.Build.0 = Release|Any CPU
		{840466CF-2496-4ED3-A5EC-6EB00EC8610B}.Release|ARM.Deploy.0 = Release|Any CPU
		{840466CF-2496-4ED3-A5EC-6EB00EC8610B}.Release|iPhone.ActiveCfg = Release|Any CPU
		{840466CF-2496-4ED3-A5EC-6EB00EC8610B}.Release|iPhone.Build.0 = Release|Any CPU
		{840466CF-2496-4ED3-A5EC-6EB00EC8610B}.Release|iPhone.Deploy.0 = Release|Any CPU
		{840466CF-2496-4ED3-A5EC-6EB00EC8610B}.Release|iPhoneSimulator.ActiveCfg = Release|Any CPU
		{840466CF-2496-4ED3-A5EC-6EB00EC8610B}.Release|iPhoneSimulator.Build.0 = Release|Any CPU
		{840466CF-2496-4ED3-A5EC-6EB00EC8610B}.Release|iPhoneSimulator.Deploy.0 = Release|Any CPU
		{840466CF-2496-4ED3-A5EC-6EB00EC8610B}.Release|x64.ActiveCfg = Release|Any CPU
		{840466CF-2496-4ED3-A5EC-6EB00EC8610B}.Release|x64.Build.0 = Release|Any CPU
		{840466CF-2496-4ED3-A5EC-6EB00EC8610B}.Release|x64.Deploy.0 = Release|Any CPU
		{840466CF-2496-4ED3-A5EC-6EB00EC8610B}.Release|x86.ActiveCfg = Release|Any CPU
		{840466CF-2496-4ED3-A5EC-6EB00EC8610B}.Release|x86.Build.0 = Release|Any CPU
		{840466CF-2496-4ED3-A5EC-6EB00EC8610B}.Release|x86.Deploy.0 = Release|Any CPU
		{462E805D-0ED5-424A-B267-D1B0596143A8}.Ad-Hoc|Any CPU.ActiveCfg = Ad-Hoc|iPhone
		{462E805D-0ED5-424A-B267-D1B0596143A8}.Ad-Hoc|ARM.ActiveCfg = Ad-Hoc|iPhone
		{462E805D-0ED5-424A-B267-D1B0596143A8}.Ad-Hoc|iPhone.ActiveCfg = Ad-Hoc|iPhone
		{462E805D-0ED5-424A-B267-D1B0596143A8}.Ad-Hoc|iPhone.Build.0 = Ad-Hoc|iPhone
		{462E805D-0ED5-424A-B267-D1B0596143A8}.Ad-Hoc|iPhoneSimulator.ActiveCfg = Ad-Hoc|iPhoneSimulator
		{462E805D-0ED5-424A-B267-D1B0596143A8}.Ad-Hoc|iPhoneSimulator.Build.0 = Ad-Hoc|iPhoneSimulator
		{462E805D-0ED5-424A-B267-D1B0596143A8}.Ad-Hoc|x64.ActiveCfg = Ad-Hoc|iPhone
		{462E805D-0ED5-424A-B267-D1B0596143A8}.Ad-Hoc|x86.ActiveCfg = Ad-Hoc|iPhone
		{462E805D-0ED5-424A-B267-D1B0596143A8}.AppStore|Any CPU.ActiveCfg = AppStore|iPhone
		{462E805D-0ED5-424A-B267-D1B0596143A8}.AppStore|ARM.ActiveCfg = AppStore|iPhone
		{462E805D-0ED5-424A-B267-D1B0596143A8}.AppStore|iPhone.ActiveCfg = AppStore|iPhone
		{462E805D-0ED5-424A-B267-D1B0596143A8}.AppStore|iPhone.Build.0 = AppStore|iPhone
		{462E805D-0ED5-424A-B267-D1B0596143A8}.AppStore|iPhoneSimulator.ActiveCfg = AppStore|iPhoneSimulator
		{462E805D-0ED5-424A-B267-D1B0596143A8}.AppStore|iPhoneSimulator.Build.0 = AppStore|iPhoneSimulator
		{462E805D-0ED5-424A-B267-D1B0596143A8}.AppStore|x64.ActiveCfg = AppStore|iPhone
		{462E805D-0ED5-424A-B267-D1B0596143A8}.AppStore|x86.ActiveCfg = AppStore|iPhone
		{462E805D-0ED5-424A-B267-D1B0596143A8}.Debug|Any CPU.ActiveCfg = Debug|iPhone
		{462E805D-0ED5-424A-B267-D1B0596143A8}.Debug|ARM.ActiveCfg = Debug|iPhone
		{462E805D-0ED5-424A-B267-D1B0596143A8}.Debug|iPhone.ActiveCfg = Debug|iPhone
		{462E805D-0ED5-424A-B267-D1B0596143A8}.Debug|iPhone.Build.0 = Debug|iPhone
		{462E805D-0ED5-424A-B267-D1B0596143A8}.Debug|iPhoneSimulator.ActiveCfg = Debug|iPhoneSimulator
		{462E805D-0ED5-424A-B267-D1B0596143A8}.Debug|iPhoneSimulator.Build.0 = Debug|iPhoneSimulator
		{462E805D-0ED5-424A-B267-D1B0596143A8}.Debug|x64.ActiveCfg = Debug|iPhone
		{462E805D-0ED5-424A-B267-D1B0596143A8}.Debug|x86.ActiveCfg = Debug|iPhone
		{462E805D-0ED5-424A-B267-D1B0596143A8}.Release|Any CPU.ActiveCfg = Release|iPhone
		{462E805D-0ED5-424A-B267-D1B0596143A8}.Release|ARM.ActiveCfg = Release|iPhone
		{462E805D-0ED5-424A-B267-D1B0596143A8}.Release|iPhone.ActiveCfg = Release|iPhone
		{462E805D-0ED5-424A-B267-D1B0596143A8}.Release|iPhone.Build.0 = Release|iPhone
		{462E805D-0ED5-424A-B267-D1B0596143A8}.Release|iPhoneSimulator.ActiveCfg = Release|iPhoneSimulator
		{462E805D-0ED5-424A-B267-D1B0596143A8}.Release|iPhoneSimulator.Build.0 = Release|iPhoneSimulator
		{462E805D-0ED5-424A-B267-D1B0596143A8}.Release|x64.ActiveCfg = Release|iPhone
		{462E805D-0ED5-424A-B267-D1B0596143A8}.Release|x86.ActiveCfg = Release|iPhone
		{081C3ABF-26F1-4555-BA54-3441A3047CD3}.Ad-Hoc|Any CPU.ActiveCfg = Release|Any CPU
		{081C3ABF-26F1-4555-BA54-3441A3047CD3}.Ad-Hoc|Any CPU.Build.0 = Release|Any CPU
		{081C3ABF-26F1-4555-BA54-3441A3047CD3}.Ad-Hoc|Any CPU.Deploy.0 = Release|Any CPU
		{081C3ABF-26F1-4555-BA54-3441A3047CD3}.Ad-Hoc|ARM.ActiveCfg = Release|ARM
		{081C3ABF-26F1-4555-BA54-3441A3047CD3}.Ad-Hoc|ARM.Build.0 = Release|ARM
		{081C3ABF-26F1-4555-BA54-3441A3047CD3}.Ad-Hoc|ARM.Deploy.0 = Release|ARM
		{081C3ABF-26F1-4555-BA54-3441A3047CD3}.Ad-Hoc|iPhone.ActiveCfg = Release|Any CPU
		{081C3ABF-26F1-4555-BA54-3441A3047CD3}.Ad-Hoc|iPhone.Build.0 = Release|Any CPU
		{081C3ABF-26F1-4555-BA54-3441A3047CD3}.Ad-Hoc|iPhone.Deploy.0 = Release|Any CPU
		{081C3ABF-26F1-4555-BA54-3441A3047CD3}.Ad-Hoc|iPhoneSimulator.ActiveCfg = Release|Any CPU
		{081C3ABF-26F1-4555-BA54-3441A3047CD3}.Ad-Hoc|iPhoneSimulator.Build.0 = Release|Any CPU
		{081C3ABF-26F1-4555-BA54-3441A3047CD3}.Ad-Hoc|iPhoneSimulator.Deploy.0 = Release|Any CPU
		{081C3ABF-26F1-4555-BA54-3441A3047CD3}.Ad-Hoc|x64.ActiveCfg = Release|Any CPU
		{081C3ABF-26F1-4555-BA54-3441A3047CD3}.Ad-Hoc|x64.Build.0 = Release|Any CPU
		{081C3ABF-26F1-4555-BA54-3441A3047CD3}.Ad-Hoc|x64.Deploy.0 = Release|Any CPU
		{081C3ABF-26F1-4555-BA54-3441A3047CD3}.Ad-Hoc|x86.ActiveCfg = Release|x86
		{081C3ABF-26F1-4555-BA54-3441A3047CD3}.Ad-Hoc|x86.Build.0 = Release|x86
		{081C3ABF-26F1-4555-BA54-3441A3047CD3}.Ad-Hoc|x86.Deploy.0 = Release|x86
		{081C3ABF-26F1-4555-BA54-3441A3047CD3}.AppStore|Any CPU.ActiveCfg = Release|Any CPU
		{081C3ABF-26F1-4555-BA54-3441A3047CD3}.AppStore|Any CPU.Build.0 = Release|Any CPU
		{081C3ABF-26F1-4555-BA54-3441A3047CD3}.AppStore|Any CPU.Deploy.0 = Release|Any CPU
		{081C3ABF-26F1-4555-BA54-3441A3047CD3}.AppStore|ARM.ActiveCfg = Release|ARM
		{081C3ABF-26F1-4555-BA54-3441A3047CD3}.AppStore|ARM.Build.0 = Release|ARM
		{081C3ABF-26F1-4555-BA54-3441A3047CD3}.AppStore|ARM.Deploy.0 = Release|ARM
		{081C3ABF-26F1-4555-BA54-3441A3047CD3}.AppStore|iPhone.ActiveCfg = Release|Any CPU
		{081C3ABF-26F1-4555-BA54-3441A3047CD3}.AppStore|iPhone.Build.0 = Release|Any CPU
		{081C3ABF-26F1-4555-BA54-3441A3047CD3}.AppStore|iPhone.Deploy.0 = Release|Any CPU
		{081C3ABF-26F1-4555-BA54-3441A3047CD3}.AppStore|iPhoneSimulator.ActiveCfg = Release|Any CPU
		{081C3ABF-26F1-4555-BA54-3441A3047CD3}.AppStore|iPhoneSimulator.Build.0 = Release|Any CPU
		{081C3ABF-26F1-4555-BA54-3441A3047CD3}.AppStore|iPhoneSimulator.Deploy.0 = Release|Any CPU
		{081C3ABF-26F1-4555-BA54-3441A3047CD3}.AppStore|x64.ActiveCfg = Release|Any CPU
		{081C3ABF-26F1-4555-BA54-3441A3047CD3}.AppStore|x64.Build.0 = Release|Any CPU
		{081C3ABF-26F1-4555-BA54-3441A3047CD3}.AppStore|x64.Deploy.0 = Release|Any CPU
		{081C3ABF-26F1-4555-BA54-3441A3047CD3}.AppStore|x86.ActiveCfg = Release|x86
		{081C3ABF-26F1-4555-BA54-3441A3047CD3}.AppStore|x86.Build.0 = Release|x86
		{081C3ABF-26F1-4555-BA54-3441A3047CD3}.AppStore|x86.Deploy.0 = Release|x86
		{081C3ABF-26F1-4555-BA54-3441A3047CD3}.Debug|Any CPU.ActiveCfg = Debug|Any CPU
		{081C3ABF-26F1-4555-BA54-3441A3047CD3}.Debug|Any CPU.Build.0 = Debug|Any CPU
		{081C3ABF-26F1-4555-BA54-3441A3047CD3}.Debug|Any CPU.Deploy.0 = Debug|Any CPU
		{081C3ABF-26F1-4555-BA54-3441A3047CD3}.Debug|ARM.ActiveCfg = Debug|ARM
		{081C3ABF-26F1-4555-BA54-3441A3047CD3}.Debug|ARM.Build.0 = Debug|ARM
		{081C3ABF-26F1-4555-BA54-3441A3047CD3}.Debug|ARM.Deploy.0 = Debug|ARM
		{081C3ABF-26F1-4555-BA54-3441A3047CD3}.Debug|iPhone.ActiveCfg = Debug|Any CPU
		{081C3ABF-26F1-4555-BA54-3441A3047CD3}.Debug|iPhone.Build.0 = Debug|Any CPU
		{081C3ABF-26F1-4555-BA54-3441A3047CD3}.Debug|iPhone.Deploy.0 = Debug|Any CPU
		{081C3ABF-26F1-4555-BA54-3441A3047CD3}.Debug|iPhoneSimulator.ActiveCfg = Debug|Any CPU
		{081C3ABF-26F1-4555-BA54-3441A3047CD3}.Debug|iPhoneSimulator.Build.0 = Debug|Any CPU
		{081C3ABF-26F1-4555-BA54-3441A3047CD3}.Debug|iPhoneSimulator.Deploy.0 = Debug|Any CPU
		{081C3ABF-26F1-4555-BA54-3441A3047CD3}.Debug|x64.ActiveCfg = Debug|Any CPU
		{081C3ABF-26F1-4555-BA54-3441A3047CD3}.Debug|x64.Build.0 = Debug|Any CPU
		{081C3ABF-26F1-4555-BA54-3441A3047CD3}.Debug|x64.Deploy.0 = Debug|Any CPU
		{081C3ABF-26F1-4555-BA54-3441A3047CD3}.Debug|x86.ActiveCfg = Debug|x86
		{081C3ABF-26F1-4555-BA54-3441A3047CD3}.Debug|x86.Build.0 = Debug|x86
		{081C3ABF-26F1-4555-BA54-3441A3047CD3}.Debug|x86.Deploy.0 = Debug|x86
		{081C3ABF-26F1-4555-BA54-3441A3047CD3}.Release|Any CPU.ActiveCfg = Release|Any CPU
		{081C3ABF-26F1-4555-BA54-3441A3047CD3}.Release|Any CPU.Build.0 = Release|Any CPU
		{081C3ABF-26F1-4555-BA54-3441A3047CD3}.Release|Any CPU.Deploy.0 = Release|Any CPU
		{081C3ABF-26F1-4555-BA54-3441A3047CD3}.Release|ARM.ActiveCfg = Release|ARM
		{081C3ABF-26F1-4555-BA54-3441A3047CD3}.Release|ARM.Build.0 = Release|ARM
		{081C3ABF-26F1-4555-BA54-3441A3047CD3}.Release|ARM.Deploy.0 = Release|ARM
		{081C3ABF-26F1-4555-BA54-3441A3047CD3}.Release|iPhone.ActiveCfg = Release|Any CPU
		{081C3ABF-26F1-4555-BA54-3441A3047CD3}.Release|iPhone.Build.0 = Release|Any CPU
		{081C3ABF-26F1-4555-BA54-3441A3047CD3}.Release|iPhone.Deploy.0 = Release|Any CPU
		{081C3ABF-26F1-4555-BA54-3441A3047CD3}.Release|iPhoneSimulator.ActiveCfg = Release|Any CPU
		{081C3ABF-26F1-4555-BA54-3441A3047CD3}.Release|iPhoneSimulator.Build.0 = Release|Any CPU
		{081C3ABF-26F1-4555-BA54-3441A3047CD3}.Release|iPhoneSimulator.Deploy.0 = Release|Any CPU
		{081C3ABF-26F1-4555-BA54-3441A3047CD3}.Release|x64.ActiveCfg = Release|Any CPU
		{081C3ABF-26F1-4555-BA54-3441A3047CD3}.Release|x64.Build.0 = Release|Any CPU
		{081C3ABF-26F1-4555-BA54-3441A3047CD3}.Release|x64.Deploy.0 = Release|Any CPU
		{081C3ABF-26F1-4555-BA54-3441A3047CD3}.Release|x86.ActiveCfg = Release|x86
		{081C3ABF-26F1-4555-BA54-3441A3047CD3}.Release|x86.Build.0 = Release|x86
		{081C3ABF-26F1-4555-BA54-3441A3047CD3}.Release|x86.Deploy.0 = Release|x86
		{B5C5CD31-DE8A-46BB-8066-FEF40ACE3C47}.Ad-Hoc|Any CPU.ActiveCfg = Release|x86
		{B5C5CD31-DE8A-46BB-8066-FEF40ACE3C47}.Ad-Hoc|Any CPU.Build.0 = Release|x86
		{B5C5CD31-DE8A-46BB-8066-FEF40ACE3C47}.Ad-Hoc|Any CPU.Deploy.0 = Release|x86
		{B5C5CD31-DE8A-46BB-8066-FEF40ACE3C47}.Ad-Hoc|ARM.ActiveCfg = Release|ARM
		{B5C5CD31-DE8A-46BB-8066-FEF40ACE3C47}.Ad-Hoc|ARM.Build.0 = Release|ARM
		{B5C5CD31-DE8A-46BB-8066-FEF40ACE3C47}.Ad-Hoc|ARM.Deploy.0 = Release|ARM
		{B5C5CD31-DE8A-46BB-8066-FEF40ACE3C47}.Ad-Hoc|iPhone.ActiveCfg = Release|x86
		{B5C5CD31-DE8A-46BB-8066-FEF40ACE3C47}.Ad-Hoc|iPhone.Build.0 = Release|x86
		{B5C5CD31-DE8A-46BB-8066-FEF40ACE3C47}.Ad-Hoc|iPhone.Deploy.0 = Release|x86
		{B5C5CD31-DE8A-46BB-8066-FEF40ACE3C47}.Ad-Hoc|iPhoneSimulator.ActiveCfg = Release|x86
		{B5C5CD31-DE8A-46BB-8066-FEF40ACE3C47}.Ad-Hoc|iPhoneSimulator.Build.0 = Release|x86
		{B5C5CD31-DE8A-46BB-8066-FEF40ACE3C47}.Ad-Hoc|iPhoneSimulator.Deploy.0 = Release|x86
		{B5C5CD31-DE8A-46BB-8066-FEF40ACE3C47}.Ad-Hoc|x64.ActiveCfg = Release|x64
		{B5C5CD31-DE8A-46BB-8066-FEF40ACE3C47}.Ad-Hoc|x64.Build.0 = Release|x64
		{B5C5CD31-DE8A-46BB-8066-FEF40ACE3C47}.Ad-Hoc|x64.Deploy.0 = Release|x64
		{B5C5CD31-DE8A-46BB-8066-FEF40ACE3C47}.Ad-Hoc|x86.ActiveCfg = Release|x86
		{B5C5CD31-DE8A-46BB-8066-FEF40ACE3C47}.Ad-Hoc|x86.Build.0 = Release|x86
		{B5C5CD31-DE8A-46BB-8066-FEF40ACE3C47}.Ad-Hoc|x86.Deploy.0 = Release|x86
		{B5C5CD31-DE8A-46BB-8066-FEF40ACE3C47}.AppStore|Any CPU.ActiveCfg = Release|x86
		{B5C5CD31-DE8A-46BB-8066-FEF40ACE3C47}.AppStore|Any CPU.Build.0 = Release|x86
		{B5C5CD31-DE8A-46BB-8066-FEF40ACE3C47}.AppStore|Any CPU.Deploy.0 = Release|x86
		{B5C5CD31-DE8A-46BB-8066-FEF40ACE3C47}.AppStore|ARM.ActiveCfg = Release|ARM
		{B5C5CD31-DE8A-46BB-8066-FEF40ACE3C47}.AppStore|ARM.Build.0 = Release|ARM
		{B5C5CD31-DE8A-46BB-8066-FEF40ACE3C47}.AppStore|ARM.Deploy.0 = Release|ARM
		{B5C5CD31-DE8A-46BB-8066-FEF40ACE3C47}.AppStore|iPhone.ActiveCfg = Release|x86
		{B5C5CD31-DE8A-46BB-8066-FEF40ACE3C47}.AppStore|iPhone.Build.0 = Release|x86
		{B5C5CD31-DE8A-46BB-8066-FEF40ACE3C47}.AppStore|iPhone.Deploy.0 = Release|x86
		{B5C5CD31-DE8A-46BB-8066-FEF40ACE3C47}.AppStore|iPhoneSimulator.ActiveCfg = Release|x86
		{B5C5CD31-DE8A-46BB-8066-FEF40ACE3C47}.AppStore|iPhoneSimulator.Build.0 = Release|x86
		{B5C5CD31-DE8A-46BB-8066-FEF40ACE3C47}.AppStore|iPhoneSimulator.Deploy.0 = Release|x86
		{B5C5CD31-DE8A-46BB-8066-FEF40ACE3C47}.AppStore|x64.ActiveCfg = Release|x64
		{B5C5CD31-DE8A-46BB-8066-FEF40ACE3C47}.AppStore|x64.Build.0 = Release|x64
		{B5C5CD31-DE8A-46BB-8066-FEF40ACE3C47}.AppStore|x64.Deploy.0 = Release|x64
		{B5C5CD31-DE8A-46BB-8066-FEF40ACE3C47}.AppStore|x86.ActiveCfg = Release|x86
		{B5C5CD31-DE8A-46BB-8066-FEF40ACE3C47}.AppStore|x86.Build.0 = Release|x86
		{B5C5CD31-DE8A-46BB-8066-FEF40ACE3C47}.AppStore|x86.Deploy.0 = Release|x86
		{B5C5CD31-DE8A-46BB-8066-FEF40ACE3C47}.Debug|Any CPU.ActiveCfg = Debug|x86
		{B5C5CD31-DE8A-46BB-8066-FEF40ACE3C47}.Debug|ARM.ActiveCfg = Debug|ARM
		{B5C5CD31-DE8A-46BB-8066-FEF40ACE3C47}.Debug|ARM.Build.0 = Debug|ARM
		{B5C5CD31-DE8A-46BB-8066-FEF40ACE3C47}.Debug|ARM.Deploy.0 = Debug|ARM
		{B5C5CD31-DE8A-46BB-8066-FEF40ACE3C47}.Debug|iPhone.ActiveCfg = Debug|x86
		{B5C5CD31-DE8A-46BB-8066-FEF40ACE3C47}.Debug|iPhoneSimulator.ActiveCfg = Debug|x86
		{B5C5CD31-DE8A-46BB-8066-FEF40ACE3C47}.Debug|x64.ActiveCfg = Debug|x64
		{B5C5CD31-DE8A-46BB-8066-FEF40ACE3C47}.Debug|x64.Build.0 = Debug|x64
		{B5C5CD31-DE8A-46BB-8066-FEF40ACE3C47}.Debug|x64.Deploy.0 = Debug|x64
		{B5C5CD31-DE8A-46BB-8066-FEF40ACE3C47}.Debug|x86.ActiveCfg = Debug|x86
		{B5C5CD31-DE8A-46BB-8066-FEF40ACE3C47}.Debug|x86.Build.0 = Debug|x86
		{B5C5CD31-DE8A-46BB-8066-FEF40ACE3C47}.Debug|x86.Deploy.0 = Debug|x86
		{B5C5CD31-DE8A-46BB-8066-FEF40ACE3C47}.Release|Any CPU.ActiveCfg = Release|x86
		{B5C5CD31-DE8A-46BB-8066-FEF40ACE3C47}.Release|ARM.ActiveCfg = Release|ARM
		{B5C5CD31-DE8A-46BB-8066-FEF40ACE3C47}.Release|ARM.Build.0 = Release|ARM
		{B5C5CD31-DE8A-46BB-8066-FEF40ACE3C47}.Release|ARM.Deploy.0 = Release|ARM
		{B5C5CD31-DE8A-46BB-8066-FEF40ACE3C47}.Release|iPhone.ActiveCfg = Release|x86
		{B5C5CD31-DE8A-46BB-8066-FEF40ACE3C47}.Release|iPhoneSimulator.ActiveCfg = Release|x86
		{B5C5CD31-DE8A-46BB-8066-FEF40ACE3C47}.Release|x64.ActiveCfg = Release|x64
		{B5C5CD31-DE8A-46BB-8066-FEF40ACE3C47}.Release|x64.Build.0 = Release|x64
		{B5C5CD31-DE8A-46BB-8066-FEF40ACE3C47}.Release|x64.Deploy.0 = Release|x64
		{B5C5CD31-DE8A-46BB-8066-FEF40ACE3C47}.Release|x86.ActiveCfg = Release|x86
		{B5C5CD31-DE8A-46BB-8066-FEF40ACE3C47}.Release|x86.Build.0 = Release|x86
		{B5C5CD31-DE8A-46BB-8066-FEF40ACE3C47}.Release|x86.Deploy.0 = Release|x86
		{4F5A3C4E-0D61-479F-B05E-5C4E0463B337}.Ad-Hoc|Any CPU.ActiveCfg = Release|Any CPU
		{4F5A3C4E-0D61-479F-B05E-5C4E0463B337}.Ad-Hoc|Any CPU.Build.0 = Release|Any CPU
		{4F5A3C4E-0D61-479F-B05E-5C4E0463B337}.Ad-Hoc|Any CPU.Deploy.0 = Release|Any CPU
		{4F5A3C4E-0D61-479F-B05E-5C4E0463B337}.Ad-Hoc|ARM.ActiveCfg = Release|ARM
		{4F5A3C4E-0D61-479F-B05E-5C4E0463B337}.Ad-Hoc|ARM.Build.0 = Release|ARM
		{4F5A3C4E-0D61-479F-B05E-5C4E0463B337}.Ad-Hoc|ARM.Deploy.0 = Release|ARM
		{4F5A3C4E-0D61-479F-B05E-5C4E0463B337}.Ad-Hoc|iPhone.ActiveCfg = Release|Any CPU
		{4F5A3C4E-0D61-479F-B05E-5C4E0463B337}.Ad-Hoc|iPhone.Build.0 = Release|Any CPU
		{4F5A3C4E-0D61-479F-B05E-5C4E0463B337}.Ad-Hoc|iPhone.Deploy.0 = Release|Any CPU
		{4F5A3C4E-0D61-479F-B05E-5C4E0463B337}.Ad-Hoc|iPhoneSimulator.ActiveCfg = Release|Any CPU
		{4F5A3C4E-0D61-479F-B05E-5C4E0463B337}.Ad-Hoc|iPhoneSimulator.Build.0 = Release|Any CPU
		{4F5A3C4E-0D61-479F-B05E-5C4E0463B337}.Ad-Hoc|iPhoneSimulator.Deploy.0 = Release|Any CPU
		{4F5A3C4E-0D61-479F-B05E-5C4E0463B337}.Ad-Hoc|x64.ActiveCfg = Release|x64
		{4F5A3C4E-0D61-479F-B05E-5C4E0463B337}.Ad-Hoc|x64.Build.0 = Release|x64
		{4F5A3C4E-0D61-479F-B05E-5C4E0463B337}.Ad-Hoc|x64.Deploy.0 = Release|x64
		{4F5A3C4E-0D61-479F-B05E-5C4E0463B337}.Ad-Hoc|x86.ActiveCfg = Release|x86
		{4F5A3C4E-0D61-479F-B05E-5C4E0463B337}.Ad-Hoc|x86.Build.0 = Release|x86
		{4F5A3C4E-0D61-479F-B05E-5C4E0463B337}.Ad-Hoc|x86.Deploy.0 = Release|x86
		{4F5A3C4E-0D61-479F-B05E-5C4E0463B337}.AppStore|Any CPU.ActiveCfg = Release|Any CPU
		{4F5A3C4E-0D61-479F-B05E-5C4E0463B337}.AppStore|Any CPU.Build.0 = Release|Any CPU
		{4F5A3C4E-0D61-479F-B05E-5C4E0463B337}.AppStore|Any CPU.Deploy.0 = Release|Any CPU
		{4F5A3C4E-0D61-479F-B05E-5C4E0463B337}.AppStore|ARM.ActiveCfg = Release|ARM
		{4F5A3C4E-0D61-479F-B05E-5C4E0463B337}.AppStore|ARM.Build.0 = Release|ARM
		{4F5A3C4E-0D61-479F-B05E-5C4E0463B337}.AppStore|ARM.Deploy.0 = Release|ARM
		{4F5A3C4E-0D61-479F-B05E-5C4E0463B337}.AppStore|iPhone.ActiveCfg = Release|Any CPU
		{4F5A3C4E-0D61-479F-B05E-5C4E0463B337}.AppStore|iPhone.Build.0 = Release|Any CPU
		{4F5A3C4E-0D61-479F-B05E-5C4E0463B337}.AppStore|iPhone.Deploy.0 = Release|Any CPU
		{4F5A3C4E-0D61-479F-B05E-5C4E0463B337}.AppStore|iPhoneSimulator.ActiveCfg = Release|Any CPU
		{4F5A3C4E-0D61-479F-B05E-5C4E0463B337}.AppStore|iPhoneSimulator.Build.0 = Release|Any CPU
		{4F5A3C4E-0D61-479F-B05E-5C4E0463B337}.AppStore|iPhoneSimulator.Deploy.0 = Release|Any CPU
		{4F5A3C4E-0D61-479F-B05E-5C4E0463B337}.AppStore|x64.ActiveCfg = Release|x64
		{4F5A3C4E-0D61-479F-B05E-5C4E0463B337}.AppStore|x64.Build.0 = Release|x64
		{4F5A3C4E-0D61-479F-B05E-5C4E0463B337}.AppStore|x64.Deploy.0 = Release|x64
		{4F5A3C4E-0D61-479F-B05E-5C4E0463B337}.AppStore|x86.ActiveCfg = Release|x86
		{4F5A3C4E-0D61-479F-B05E-5C4E0463B337}.AppStore|x86.Build.0 = Release|x86
		{4F5A3C4E-0D61-479F-B05E-5C4E0463B337}.AppStore|x86.Deploy.0 = Release|x86
		{4F5A3C4E-0D61-479F-B05E-5C4E0463B337}.Debug|Any CPU.ActiveCfg = Debug|Any CPU
		{4F5A3C4E-0D61-479F-B05E-5C4E0463B337}.Debug|Any CPU.Build.0 = Debug|Any CPU
		{4F5A3C4E-0D61-479F-B05E-5C4E0463B337}.Debug|Any CPU.Deploy.0 = Debug|Any CPU
		{4F5A3C4E-0D61-479F-B05E-5C4E0463B337}.Debug|ARM.ActiveCfg = Debug|ARM
		{4F5A3C4E-0D61-479F-B05E-5C4E0463B337}.Debug|ARM.Build.0 = Debug|ARM
		{4F5A3C4E-0D61-479F-B05E-5C4E0463B337}.Debug|ARM.Deploy.0 = Debug|ARM
		{4F5A3C4E-0D61-479F-B05E-5C4E0463B337}.Debug|iPhone.ActiveCfg = Debug|Any CPU
		{4F5A3C4E-0D61-479F-B05E-5C4E0463B337}.Debug|iPhone.Build.0 = Debug|Any CPU
		{4F5A3C4E-0D61-479F-B05E-5C4E0463B337}.Debug|iPhone.Deploy.0 = Debug|Any CPU
		{4F5A3C4E-0D61-479F-B05E-5C4E0463B337}.Debug|iPhoneSimulator.ActiveCfg = Debug|Any CPU
		{4F5A3C4E-0D61-479F-B05E-5C4E0463B337}.Debug|iPhoneSimulator.Build.0 = Debug|Any CPU
		{4F5A3C4E-0D61-479F-B05E-5C4E0463B337}.Debug|iPhoneSimulator.Deploy.0 = Debug|Any CPU
		{4F5A3C4E-0D61-479F-B05E-5C4E0463B337}.Debug|x64.ActiveCfg = Debug|x64
		{4F5A3C4E-0D61-479F-B05E-5C4E0463B337}.Debug|x64.Build.0 = Debug|x64
		{4F5A3C4E-0D61-479F-B05E-5C4E0463B337}.Debug|x64.Deploy.0 = Debug|x64
		{4F5A3C4E-0D61-479F-B05E-5C4E0463B337}.Debug|x86.ActiveCfg = Debug|x86
		{4F5A3C4E-0D61-479F-B05E-5C4E0463B337}.Debug|x86.Build.0 = Debug|x86
		{4F5A3C4E-0D61-479F-B05E-5C4E0463B337}.Debug|x86.Deploy.0 = Debug|x86
		{4F5A3C4E-0D61-479F-B05E-5C4E0463B337}.Release|Any CPU.ActiveCfg = Release|Any CPU
		{4F5A3C4E-0D61-479F-B05E-5C4E0463B337}.Release|Any CPU.Build.0 = Release|Any CPU
		{4F5A3C4E-0D61-479F-B05E-5C4E0463B337}.Release|Any CPU.Deploy.0 = Release|Any CPU
		{4F5A3C4E-0D61-479F-B05E-5C4E0463B337}.Release|ARM.ActiveCfg = Release|ARM
		{4F5A3C4E-0D61-479F-B05E-5C4E0463B337}.Release|ARM.Build.0 = Release|ARM
		{4F5A3C4E-0D61-479F-B05E-5C4E0463B337}.Release|ARM.Deploy.0 = Release|ARM
		{4F5A3C4E-0D61-479F-B05E-5C4E0463B337}.Release|iPhone.ActiveCfg = Release|Any CPU
		{4F5A3C4E-0D61-479F-B05E-5C4E0463B337}.Release|iPhone.Build.0 = Release|Any CPU
		{4F5A3C4E-0D61-479F-B05E-5C4E0463B337}.Release|iPhone.Deploy.0 = Release|Any CPU
		{4F5A3C4E-0D61-479F-B05E-5C4E0463B337}.Release|iPhoneSimulator.ActiveCfg = Release|Any CPU
		{4F5A3C4E-0D61-479F-B05E-5C4E0463B337}.Release|iPhoneSimulator.Build.0 = Release|Any CPU
		{4F5A3C4E-0D61-479F-B05E-5C4E0463B337}.Release|iPhoneSimulator.Deploy.0 = Release|Any CPU
		{4F5A3C4E-0D61-479F-B05E-5C4E0463B337}.Release|x64.ActiveCfg = Release|x64
		{4F5A3C4E-0D61-479F-B05E-5C4E0463B337}.Release|x64.Build.0 = Release|x64
		{4F5A3C4E-0D61-479F-B05E-5C4E0463B337}.Release|x64.Deploy.0 = Release|x64
		{4F5A3C4E-0D61-479F-B05E-5C4E0463B337}.Release|x86.ActiveCfg = Release|x86
		{4F5A3C4E-0D61-479F-B05E-5C4E0463B337}.Release|x86.Build.0 = Release|x86
		{4F5A3C4E-0D61-479F-B05E-5C4E0463B337}.Release|x86.Deploy.0 = Release|x86
		{6CE8D218-29C7-4ADC-948B-DEFD267CF527}.Ad-Hoc|Any CPU.ActiveCfg = Release|Any CPU
		{6CE8D218-29C7-4ADC-948B-DEFD267CF527}.Ad-Hoc|Any CPU.Build.0 = Release|Any CPU
		{6CE8D218-29C7-4ADC-948B-DEFD267CF527}.Ad-Hoc|ARM.ActiveCfg = Release|Any CPU
		{6CE8D218-29C7-4ADC-948B-DEFD267CF527}.Ad-Hoc|ARM.Build.0 = Release|Any CPU
		{6CE8D218-29C7-4ADC-948B-DEFD267CF527}.Ad-Hoc|iPhone.ActiveCfg = Release|Any CPU
		{6CE8D218-29C7-4ADC-948B-DEFD267CF527}.Ad-Hoc|iPhone.Build.0 = Release|Any CPU
		{6CE8D218-29C7-4ADC-948B-DEFD267CF527}.Ad-Hoc|iPhoneSimulator.ActiveCfg = Release|Any CPU
		{6CE8D218-29C7-4ADC-948B-DEFD267CF527}.Ad-Hoc|iPhoneSimulator.Build.0 = Release|Any CPU
		{6CE8D218-29C7-4ADC-948B-DEFD267CF527}.Ad-Hoc|x64.ActiveCfg = Release|Any CPU
		{6CE8D218-29C7-4ADC-948B-DEFD267CF527}.Ad-Hoc|x64.Build.0 = Release|Any CPU
		{6CE8D218-29C7-4ADC-948B-DEFD267CF527}.Ad-Hoc|x86.ActiveCfg = Release|Any CPU
		{6CE8D218-29C7-4ADC-948B-DEFD267CF527}.Ad-Hoc|x86.Build.0 = Release|Any CPU
		{6CE8D218-29C7-4ADC-948B-DEFD267CF527}.AppStore|Any CPU.ActiveCfg = Release|Any CPU
		{6CE8D218-29C7-4ADC-948B-DEFD267CF527}.AppStore|Any CPU.Build.0 = Release|Any CPU
		{6CE8D218-29C7-4ADC-948B-DEFD267CF527}.AppStore|ARM.ActiveCfg = Release|Any CPU
		{6CE8D218-29C7-4ADC-948B-DEFD267CF527}.AppStore|ARM.Build.0 = Release|Any CPU
		{6CE8D218-29C7-4ADC-948B-DEFD267CF527}.AppStore|iPhone.ActiveCfg = Release|Any CPU
		{6CE8D218-29C7-4ADC-948B-DEFD267CF527}.AppStore|iPhone.Build.0 = Release|Any CPU
		{6CE8D218-29C7-4ADC-948B-DEFD267CF527}.AppStore|iPhoneSimulator.ActiveCfg = Release|Any CPU
		{6CE8D218-29C7-4ADC-948B-DEFD267CF527}.AppStore|iPhoneSimulator.Build.0 = Release|Any CPU
		{6CE8D218-29C7-4ADC-948B-DEFD267CF527}.AppStore|x64.ActiveCfg = Release|Any CPU
		{6CE8D218-29C7-4ADC-948B-DEFD267CF527}.AppStore|x64.Build.0 = Release|Any CPU
		{6CE8D218-29C7-4ADC-948B-DEFD267CF527}.AppStore|x86.ActiveCfg = Release|Any CPU
		{6CE8D218-29C7-4ADC-948B-DEFD267CF527}.AppStore|x86.Build.0 = Release|Any CPU
		{6CE8D218-29C7-4ADC-948B-DEFD267CF527}.Debug|Any CPU.ActiveCfg = Debug|Any CPU
		{6CE8D218-29C7-4ADC-948B-DEFD267CF527}.Debug|Any CPU.Build.0 = Debug|Any CPU
		{6CE8D218-29C7-4ADC-948B-DEFD267CF527}.Debug|ARM.ActiveCfg = Debug|Any CPU
		{6CE8D218-29C7-4ADC-948B-DEFD267CF527}.Debug|ARM.Build.0 = Debug|Any CPU
		{6CE8D218-29C7-4ADC-948B-DEFD267CF527}.Debug|iPhone.ActiveCfg = Debug|Any CPU
		{6CE8D218-29C7-4ADC-948B-DEFD267CF527}.Debug|iPhone.Build.0 = Debug|Any CPU
		{6CE8D218-29C7-4ADC-948B-DEFD267CF527}.Debug|iPhoneSimulator.ActiveCfg = Debug|Any CPU
		{6CE8D218-29C7-4ADC-948B-DEFD267CF527}.Debug|iPhoneSimulator.Build.0 = Debug|Any CPU
		{6CE8D218-29C7-4ADC-948B-DEFD267CF527}.Debug|x64.ActiveCfg = Debug|Any CPU
		{6CE8D218-29C7-4ADC-948B-DEFD267CF527}.Debug|x64.Build.0 = Debug|Any CPU
		{6CE8D218-29C7-4ADC-948B-DEFD267CF527}.Debug|x86.ActiveCfg = Debug|Any CPU
		{6CE8D218-29C7-4ADC-948B-DEFD267CF527}.Debug|x86.Build.0 = Debug|Any CPU
		{6CE8D218-29C7-4ADC-948B-DEFD267CF527}.Release|Any CPU.ActiveCfg = Release|Any CPU
		{6CE8D218-29C7-4ADC-948B-DEFD267CF527}.Release|Any CPU.Build.0 = Release|Any CPU
		{6CE8D218-29C7-4ADC-948B-DEFD267CF527}.Release|ARM.ActiveCfg = Release|Any CPU
		{6CE8D218-29C7-4ADC-948B-DEFD267CF527}.Release|ARM.Build.0 = Release|Any CPU
		{6CE8D218-29C7-4ADC-948B-DEFD267CF527}.Release|iPhone.ActiveCfg = Release|Any CPU
		{6CE8D218-29C7-4ADC-948B-DEFD267CF527}.Release|iPhone.Build.0 = Release|Any CPU
		{6CE8D218-29C7-4ADC-948B-DEFD267CF527}.Release|iPhoneSimulator.ActiveCfg = Release|Any CPU
		{6CE8D218-29C7-4ADC-948B-DEFD267CF527}.Release|iPhoneSimulator.Build.0 = Release|Any CPU
		{6CE8D218-29C7-4ADC-948B-DEFD267CF527}.Release|x64.ActiveCfg = Release|Any CPU
		{6CE8D218-29C7-4ADC-948B-DEFD267CF527}.Release|x64.Build.0 = Release|Any CPU
		{6CE8D218-29C7-4ADC-948B-DEFD267CF527}.Release|x86.ActiveCfg = Release|Any CPU
		{6CE8D218-29C7-4ADC-948B-DEFD267CF527}.Release|x86.Build.0 = Release|Any CPU
	EndGlobalSection
	GlobalSection(SolutionProperties) = preSolution
		HideSolutionNode = FALSE
	EndGlobalSection
EndGlobal
